
Microsoft Visual Studio Solution File, Format Version 12.00
# Visual Studio Version 17
VisualStudioVersion = 17.14.36623.8
MinimumVisualStudioVersion = 10.0.40219.1
Project("{FAE04EC0-301F-11D3-BF4B-00C04F79EFBC}") = "p01", "p01\p01.csproj", "{917D0D68-CBC8-46E0-81A7-3CB0CC2A542C}"
EndProject
Project("{FAE04EC0-301F-11D3-BF4B-00C04F79EFBC}") = "p02", "p02\p02.csproj", "{19D3A470-73E7-4C14-BABB-577A808FD281}"
EndProject
Project("{FAE04EC0-301F-11D3-BF4B-00C04F79EFBC}") = "p03", "p03\p03.csproj", "{F1DA66F6-6050-4D5F-B141-953621DA06B1}"
EndProject
Project("{FAE04EC0-301F-11D3-BF4B-00C04F79EFBC}") = "p04", "p04\p04.csproj", "{932188BB-348A-47A6-94FC-412683175D61}"
EndProject
Project("{FAE04EC0-301F-11D3-BF4B-00C04F79EFBC}") = "p05", "p05\p05.csproj", "{32866778-A3C4-4019-A404-E067AB5939B8}"
EndProject
Project("{FAE04EC0-301F-11D3-BF4B-00C04F79EFBC}") = "p06", "p06\p06.csproj", "{0435542E-288F-486D-8FE3-850308B98838}"
EndProject
Project("{FAE04EC0-301F-11D3-BF4B-00C04F79EFBC}") = "p07", "p07\p07.csproj", "{2EC7BFFE-B7E3-43A3-B67E-8B257244A6CA}"
EndProject
Project("{FAE04EC0-301F-11D3-BF4B-00C04F79EFBC}") = "p08", "p08\p08.csproj", "{9D07755D-3E69-4225-8B37-216DE11E4D89}"
EndProject
Project("{FAE04EC0-301F-11D3-BF4B-00C04F79EFBC}") = "p09", "p09\p09.csproj", "{0BEB8F41-7E8E-4765-8C33-50395E9C215D}"
EndProject
Project("{FAE04EC0-301F-11D3-BF4B-00C04F79EFBC}") = "p10", "p10\p10.csproj", "{12F5963F-57FA-4F1F-829D-B6591714A71F}"
EndProject
Project("{FAE04EC0-301F-11D3-BF4B-00C04F79EFBC}") = "p11", "p11\p11.csproj", "{CD5FD39D-F27A-48C5-AB97-50E37E73D2A8}"
EndProject
Global
	GlobalSection(SolutionConfigurationPlatforms) = preSolution
		Debug|Any CPU = Debug|Any CPU
	EndGlobalSection
	GlobalSection(ProjectConfigurationPlatforms) = postSolution
		{917D0D68-CBC8-46E0-81A7-3CB0CC2A542C}.Debug|Any CPU.ActiveCfg = Debug|Any CPU
		{917D0D68-CBC8-46E0-81A7-3CB0CC2A542C}.Debug|Any CPU.Build.0 = Debug|Any CPU
		{19D3A470-73E7-4C14-BABB-577A808FD281}.Debug|Any CPU.ActiveCfg = Debug|Any CPU
		{19D3A470-73E7-4C14-BABB-577A808FD281}.Debug|Any CPU.Build.0 = Debug|Any CPU
		{F1DA66F6-6050-4D5F-B141-953621DA06B1}.Debug|Any CPU.ActiveCfg = Debug|Any CPU
		{F1DA66F6-6050-4D5F-B141-953621DA06B1}.Debug|Any CPU.Build.0 = Debug|Any CPU
		{932188BB-348A-47A6-94FC-412683175D61}.Debug|Any CPU.ActiveCfg = Debug|Any CPU
		{932188BB-348A-47A6-94FC-412683175D61}.Debug|Any CPU.Build.0 = Debug|Any CPU
		{32866778-A3C4-4019-A404-E067AB5939B8}.Debug|Any CPU.ActiveCfg = Debug|Any CPU
		{32866778-A3C4-4019-A404-E067AB5939B8}.Debug|Any CPU.Build.0 = Debug|Any CPU
		{0435542E-288F-486D-8FE3-850308B98838}.Debug|Any CPU.ActiveCfg = Debug|Any CPU
		{0435542E-288F-486D-8FE3-850308B98838}.Debug|Any CPU.Build.0 = Debug|Any CPU
		{2EC7BFFE-B7E3-43A3-B67E-8B257244A6CA}.Debug|Any CPU.ActiveCfg = Debug|Any CPU
		{2EC7BFFE-B7E3-43A3-B67E-8B257244A6CA}.Debug|Any CPU.Build.0 = Debug|Any CPU
		{9D07755D-3E69-4225-8B37-216DE11E4D89}.Debug|Any CPU.ActiveCfg = Debug|Any CPU
		{9D07755D-3E69-4225-8B37-216DE11E4D89}.Debug|Any CPU.Build.0 = Debug|Any CPU
		{0BEB8F41-7E8E-4765-8C33-50395E9C215D}.Debug|Any CPU.ActiveCfg = Debug|Any CPU
		{0BEB8F41-7E8E-4765-8C33-50395E9C215D}.Debug|Any CPU.Build.0 = Debug|Any CPU
		{12F5963F-57FA-4F1F-829D-B6591714A71F}.Debug|Any CPU.ActiveCfg = Debug|Any CPU
		{12F5963F-57FA-4F1F-829D-B6591714A71F}.Debug|Any CPU.Build.0 = Debug|Any CPU
		{CD5FD39D-F27A-48C5-AB97-50E37E73D2A8}.Debug|Any CPU.ActiveCfg = Debug|Any CPU
		{CD5FD39D-F27A-48C5-AB97-50E37E73D2A8}.Debug|Any CPU.Build.0 = Debug|Any CPU
	EndGlobalSection
	GlobalSection(SolutionProperties) = preSolution
		HideSolutionNode = FALSE
	EndGlobalSection
	GlobalSection(ExtensibilityGlobals) = postSolution
		SolutionGuid = {D4C46078-BDD2-4487-B2F9-F26536828553}
	EndGlobalSection
EndGlobal
